
Microsoft Visual Studio Solution File, Format Version 12.00
# Visual Studio Version 17
VisualStudioVersion = 17.5.33516.290
MinimumVisualStudioVersion = 10.0.40219.1
Project("{FAE04EC0-301F-11D3-BF4B-00C04F79EFBC}") = "DSA.Console", "DSA.Console\DSA.Console.csproj", "{2E991AA0-B3CA-4C30-9A0E-E860A636159B}"
EndProject
Project("{FAE04EC0-301F-11D3-BF4B-00C04F79EFBC}") = "DataStructures", "DataStructures\DataStructures.csproj", "{05220866-320D-477C-9C63-B77CE514740E}"
EndProject
Global
	GlobalSection(SolutionConfigurationPlatforms) = preSolution
		Debug|Any CPU = Debug|Any CPU
		Release|Any CPU = Release|Any CPU
	EndGlobalSection
	GlobalSection(ProjectConfigurationPlatforms) = postSolution
		{2E991AA0-B3CA-4C30-9A0E-E860A636159B}.Debug|Any CPU.ActiveCfg = Debug|Any CPU
		{2E991AA0-B3CA-4C30-9A0E-E860A636159B}.Debug|Any CPU.Build.0 = Debug|Any CPU
		{2E991AA0-B3CA-4C30-9A0E-E860A636159B}.Release|Any CPU.ActiveCfg = Release|Any CPU
		{2E991AA0-B3CA-4C30-9A0E-E860A636159B}.Release|Any CPU.Build.0 = Release|Any CPU
		{05220866-320D-477C-9C63-B77CE514740E}.Debug|Any CPU.ActiveCfg = Debug|Any CPU
		{05220866-320D-477C-9C63-B77CE514740E}.Debug|Any CPU.Build.0 = Debug|Any CPU
		{05220866-320D-477C-9C63-B77CE514740E}.Release|Any CPU.ActiveCfg = Release|Any CPU
		{05220866-320D-477C-9C63-B77CE514740E}.Release|Any CPU.Build.0 = Release|Any CPU
	EndGlobalSection
	GlobalSection(SolutionProperties) = preSolution
		HideSolutionNode = FALSE
	EndGlobalSection
	GlobalSection(ExtensibilityGlobals) = postSolution
		SolutionGuid = {B27E920B-417A-40F3-B4BF-155C78C51F74}
	EndGlobalSection
EndGlobal
